
Microsoft Visual Studio Solution File, Format Version 12.00
# Visual Studio Version 17
VisualStudioVersion = 17.4.33122.133
MinimumVisualStudioVersion = 10.0.40219.1
Project("{FAE04EC0-301F-11D3-BF4B-00C04F79EFBC}") = "ActiveWindowControl", "ActiveWindowControl\ActiveWindowControl.csproj", "{E66030EE-3D24-43DB-883C-480F14B0E728}"
EndProject
Global
	GlobalSection(SolutionConfigurationPlatforms) = preSolution
		Debug|Any CPU = Debug|Any CPU
		Release|Any CPU = Release|Any CPU
	EndGlobalSection
	GlobalSection(ProjectConfigurationPlatforms) = postSolution
		{E66030EE-3D24-43DB-883C-480F14B0E728}.Debug|Any CPU.ActiveCfg = Debug|Any CPU
		{E66030EE-3D24-43DB-883C-480F14B0E728}.Debug|Any CPU.Build.0 = Debug|Any CPU
		{E66030EE-3D24-43DB-883C-480F14B0E728}.Release|Any CPU.ActiveCfg = Release|Any CPU
		{E66030EE-3D24-43DB-883C-480F14B0E728}.Release|Any CPU.Build.0 = Release|Any CPU
	EndGlobalSection
	GlobalSection(SolutionProperties) = preSolution
		HideSolutionNode = FALSE
	EndGlobalSection
	GlobalSection(ExtensibilityGlobals) = postSolution
		SolutionGuid = {24ED3625-5347-43C1-927C-66F7E177166E}
	EndGlobalSection
EndGlobal
